
Microsoft Visual Studio Solution File, Format Version 12.00
# Visual Studio Version 17
VisualStudioVersion = 17.5.002.0
MinimumVisualStudioVersion = 10.0.40219.1
Project("{9A19103F-16F7-4668-BE54-9A1E7A4F7556}") = "backend", "backend\backend.csproj", "{814A328D-640C-4F8B-BE6B-0EE813A7FDF5}"
EndProject
Global
	GlobalSection(SolutionConfigurationPlatforms) = preSolution
		Debug|Any CPU = Debug|Any CPU
		Release|Any CPU = Release|Any CPU
	EndGlobalSection
	GlobalSection(ProjectConfigurationPlatforms) = postSolution
		{814A328D-640C-4F8B-BE6B-0EE813A7FDF5}.Debug|Any CPU.ActiveCfg = Debug|Any CPU
		{814A328D-640C-4F8B-BE6B-0EE813A7FDF5}.Debug|Any CPU.Build.0 = Debug|Any CPU
		{814A328D-640C-4F8B-BE6B-0EE813A7FDF5}.Release|Any CPU.ActiveCfg = Release|Any CPU
		{814A328D-640C-4F8B-BE6B-0EE813A7FDF5}.Release|Any CPU.Build.0 = Release|Any CPU
	EndGlobalSection
	GlobalSection(SolutionProperties) = preSolution
		HideSolutionNode = FALSE
	EndGlobalSection
	GlobalSection(ExtensibilityGlobals) = postSolution
		SolutionGuid = {639453A0-26BA-48B8-8291-C6B0F1653424}
	EndGlobalSection
EndGlobal
